# This file is automatically @generated by Cargo.
# It is not intended for manual editing.
version = 4

[[package]]
name = "ferrigno-compiler"
version = "0.1.0"
dependencies = [
 "ferrigno-library",
]

[[package]]
name = "ferrigno-interpreter"
version = "0.1.0"
dependencies = [
 "ferrigno-library",
]

[[package]]
name = "ferrigno-library"
version = "0.1.0"
dependencies = [
 "ferrigno-macros",
]

[[package]]
name = "ferrigno-macros"
version = "0.1.0"
